{
  "name": "angular-prototype",
  "version": "0.0.0",
  "lockfileVersion": 1,
  "requires": true,
  "dependencies": {
    "broccoli": {
      "version": "1.1.2",
      "resolved": "https://registry.npmjs.org/broccoli/-/broccoli-1.1.2.tgz",
      "integrity": "sha1-lle87jsegfOi/b9gUDVbqRY8fBE=",
      "dev": true,
      "dependencies": {
        "broccoli-slow-trees": {
          "version": "2.0.0",
          "resolved": "https://registry.npmjs.org/broccoli-slow-trees/-/broccoli-slow-trees-2.0.0.tgz",
          "integrity": "sha1-l0Gv6ZJ4et1krsf3yCEd/MBYJ40="
        },
        "findup-sync": {
          "version": "1.0.0",
          "resolved": "https://registry.npmjs.org/findup-sync/-/findup-sync-1.0.0.tgz",
          "integrity": "sha1-b35LV7buOkA3tEFOrt6j9Y9x4Ow="
        }
      }
    },
    "broccoli-angular-templates-cache": {
      "version": "github:jayliu50/broccoli-angular-templates-cache#3d5c9cf846576933d2475e361abb0f20cbd189a8",
      "from": "broccoli-angular-templates-cache@github:jayliu50/broccoli-angular-templates-cache#3d5c9cf846576933d2475e361abb0f20cbd189a8",
      "dev": true,
      "dependencies": {
        "async": {
          "version": "0.2.10",
          "resolved": "https://registry.npmjs.org/async/-/async-0.2.10.tgz",
          "integrity": "sha1-trvgsGdLnXGXCMo43owjfLUmw9E="
        },
        "broccoli": {
          "version": "0.13.6",
          "resolved": "https://registry.npmjs.org/broccoli/-/broccoli-0.13.6.tgz",
          "integrity": "sha1-0NwDFTlU5T8buPSyyR6+vJyE4yk="
        },
        "handlebars": {
          "version": "2.0.0",
          "resolved": "https://registry.npmjs.org/handlebars/-/handlebars-2.0.0.tgz",
          "integrity": "sha1-bp1/hRSjRn+l6fgswVjs/B1ax28="
        },
        "optimist": {
          "version": "0.3.7",
          "resolved": "https://registry.npmjs.org/optimist/-/optimist-0.3.7.tgz",
          "integrity": "sha1-yQlBrVnkJzMokjB00s8ufLxuwNk="
        },
        "source-map": {
          "version": "0.1.43",
          "resolved": "https://registry.npmjs.org/source-map/-/source-map-0.1.43.tgz",
          "integrity": "sha1-wkvBRspRfBRx9drL4lcbK3+eM0Y="
        },
        "uglify-js": {
          "version": "2.3.6",
          "resolved": "https://registry.npmjs.org/uglify-js/-/uglify-js-2.3.6.tgz",
          "integrity": "sha1-+gmEdwtCi3qbKoBY9GNV0U/vIRo="
        }
      }
    },
    "broccoli-asset-rev": {
      "version": "2.5.0",
      "resolved": "https://registry.npmjs.org/broccoli-asset-rev/-/broccoli-asset-rev-2.5.0.tgz",
      "integrity": "sha1-9fZurJYr+fCGKGkh8Orqq20A2Bk=",
      "dev": true
    },
    "broccoli-autoprefixer": {
      "version": "5.0.0",
      "resolved": "https://registry.npmjs.org/broccoli-autoprefixer/-/broccoli-autoprefixer-5.0.0.tgz",
      "integrity": "sha1-aMnzv9//nfLTnkZUW5z51EQ9ahY=",
      "dev": true
    },
    "broccoli-coffee": {
      "version": "0.8.0",
      "resolved": "https://registry.npmjs.org/broccoli-coffee/-/broccoli-coffee-0.8.0.tgz",
      "integrity": "sha1-WKSR92mX6++qUnTWCFrTU2Yk0ck=",
      "dev": true
    },
    "broccoli-concat": {
      "version": "3.2.2",
      "resolved": "https://registry.npmjs.org/broccoli-concat/-/broccoli-concat-3.2.2.tgz",
      "integrity": "sha1-hv/cUmButZC6n2uJTF7HoBb1t7k=",
      "dev": true,
      "dependencies": {
        "broccoli-kitchen-sink-helpers": {
          "version": "0.3.1",
          "resolved": "https://registry.npmjs.org/broccoli-kitchen-sink-helpers/-/broccoli-kitchen-sink-helpers-0.3.1.tgz",
          "integrity": "sha1-d8fBgZS5ZkFj7E/O4nk0RJJuDAY="
        }
      }
    },
    "broccoli-file-remover": {
      "version": "0.3.1",
      "resolved": "https://registry.npmjs.org/broccoli-file-remover/-/broccoli-file-remover-0.3.1.tgz",
      "integrity": "sha1-zHb8jWTRUxgj0KexR+J0s+iN5B0=",
      "dev": true,
      "dependencies": {
        "rimraf": {
          "version": "2.2.8",
          "resolved": "https://registry.npmjs.org/rimraf/-/rimraf-2.2.8.tgz",
          "integrity": "sha1-5Dm+Kq7jJzIZUnMPmaiSnk/FBYI="
        },
        "walk-sync": {
          "version": "0.1.3",
          "resolved": "https://registry.npmjs.org/walk-sync/-/walk-sync-0.1.3.tgz",
          "integrity": "sha1-igcmGgC9ps+xviXp8QD61XVG9YM="
        }
      }
    },
    "broccoli-funnel": {
      "version": "1.2.0",
      "resolved": "https://registry.npmjs.org/broccoli-funnel/-/broccoli-funnel-1.2.0.tgz",
      "integrity": "sha1-zdw6/F/xaFqAI0iP/3TOb7WlEpY=",
      "dev": true
    },
    "broccoli-jade": {
      "version": "1.1.0",
      "resolved": "https://registry.npmjs.org/broccoli-jade/-/broccoli-jade-1.1.0.tgz",
      "integrity": "sha1-1/7FD9hS1mnovc3ZDNkfSalBk+E=",
      "dev": true
    },
    "broccoli-merge-trees": {
      "version": "2.0.0",
      "resolved": "https://registry.npmjs.org/broccoli-merge-trees/-/broccoli-merge-trees-2.0.0.tgz",
      "integrity": "sha1-EK6kbdXOvMi499WlTwqEpPC7kLk=",
      "dev": true
    },
    "broccoli-pug": {
      "version": "0.0.4",
      "resolved": "https://registry.npmjs.org/broccoli-pug/-/broccoli-pug-0.0.4.tgz",
      "integrity": "sha1-QAalskYnKXV3QPAVSXNEe/07eiI=",
      "dev": true,
      "dependencies": {
        "walk-sync": {
          "version": "0.2.7",
          "resolved": "https://registry.npmjs.org/walk-sync/-/walk-sync-0.2.7.tgz",
          "integrity": "sha1-tJvk7mhnZXrrc2l4tWop0Q+jmWk="
        }
      }
    },
    "broccoli-sass": {
      "version": "0.7.0",
      "resolved": "https://registry.npmjs.org/broccoli-sass/-/broccoli-sass-0.7.0.tgz",
      "integrity": "sha1-PJQgYD3ttfRGgpHzmfHYhkBGHms=",
      "dev": true,
      "dependencies": {
        "broccoli-caching-writer": {
          "version": "2.3.1",
          "resolved": "https://registry.npmjs.org/broccoli-caching-writer/-/broccoli-caching-writer-2.3.1.tgz",
          "integrity": "sha1-uTz1j5Jk8AMHWGjbBXdPTn8lvQc="
        },
        "broccoli-plugin": {
          "version": "1.1.0",
          "resolved": "https://registry.npmjs.org/broccoli-plugin/-/broccoli-plugin-1.1.0.tgz",
          "integrity": "sha1-c+LPoF+OoeP8FCDEDD2efcckvwI="
        },
        "mkdirp": {
          "version": "0.3.5",
          "resolved": "https://registry.npmjs.org/mkdirp/-/mkdirp-0.3.5.tgz",
          "integrity": "sha1-3j5fiWHIjHh+4TaN+EmsRBPsqNc="
        },
        "walk-sync": {
          "version": "0.2.7",
          "resolved": "https://registry.npmjs.org/walk-sync/-/walk-sync-0.2.7.tgz",
          "integrity": "sha1-tJvk7mhnZXrrc2l4tWop0Q+jmWk="
        }
      }
    },
    "broccoli-template": {
      "version": "0.1.1",
      "resolved": "https://registry.npmjs.org/broccoli-template/-/broccoli-template-0.1.1.tgz",
      "integrity": "sha1-s63d0xzUeQolTIJIGQrst9HoE8I=",
      "dev": true,
      "dependencies": {
        "broccoli-filter": {
          "version": "0.1.14",
          "resolved": "https://registry.npmjs.org/broccoli-filter/-/broccoli-filter-0.1.14.tgz",
          "integrity": "sha1-I8rjiR/567e019sAxtzwNTXa960="
        },
        "mkdirp": {
          "version": "0.3.5",
          "resolved": "https://registry.npmjs.org/mkdirp/-/mkdirp-0.3.5.tgz",
          "integrity": "sha1-3j5fiWHIjHh+4TaN+EmsRBPsqNc="
        },
        "walk-sync": {
          "version": "0.1.3",
          "resolved": "https://registry.npmjs.org/walk-sync/-/walk-sync-0.1.3.tgz",
          "integrity": "sha1-igcmGgC9ps+xviXp8QD61XVG9YM="
        }
      }
    },
    "broccoli-uglify-js": {
      "version": "0.2.0",
      "resolved": "https://registry.npmjs.org/broccoli-uglify-js/-/broccoli-uglify-js-0.2.0.tgz",
      "integrity": "sha1-NwGQHI6vu0jViTakWoWSdJADocg=",
      "dev": true,
      "dependencies": {
        "async": {
          "version": "0.2.10",
          "resolved": "https://registry.npmjs.org/async/-/async-0.2.10.tgz",
          "integrity": "sha1-trvgsGdLnXGXCMo43owjfLUmw9E="
        },
        "broccoli-filter": {
          "version": "0.1.14",
          "resolved": "https://registry.npmjs.org/broccoli-filter/-/broccoli-filter-0.1.14.tgz",
          "integrity": "sha1-I8rjiR/567e019sAxtzwNTXa960="
        },
        "mkdirp": {
          "version": "0.3.5",
          "resolved": "https://registry.npmjs.org/mkdirp/-/mkdirp-0.3.5.tgz",
          "integrity": "sha1-3j5fiWHIjHh+4TaN+EmsRBPsqNc="
        },
        "source-map": {
          "version": "0.5.6",
          "resolved": "https://registry.npmjs.org/source-map/-/source-map-0.5.6.tgz",
          "integrity": "sha1-dc449SvwczxafwwRjYEzSiu19BI="
        },
        "uglify-js": {
          "version": "2.6.4",
          "resolved": "https://registry.npmjs.org/uglify-js/-/uglify-js-2.6.4.tgz",
          "integrity": "sha1-ZeovswWck5RpLxX+2HwrNsFrmt8="
        },
        "walk-sync": {
          "version": "0.1.3",
          "resolved": "https://registry.npmjs.org/walk-sync/-/walk-sync-0.1.3.tgz",
          "integrity": "sha1-igcmGgC9ps+xviXp8QD61XVG9YM="
        }
      }
    },
    "colors": {
      "version": "1.0.3",
      "resolved": "https://registry.npmjs.org/colors/-/colors-1.0.3.tgz",
      "integrity": "sha1-BDP0TYCWgP3rYO0mDxsMJi6CpAs=",
      "dev": true
    },
    "corser": {
      "version": "2.0.1",
      "resolved": "https://registry.npmjs.org/corser/-/corser-2.0.1.tgz",
      "integrity": "sha1-jtolLsqrWEDc2XXOuQ2TcMgZ/4c=",
      "dev": true
    },
    "ecstatic": {
      "version": "2.2.2",
      "resolved": "https://registry.npmjs.org/ecstatic/-/ecstatic-2.2.2.tgz",
      "integrity": "sha512-F1g29y3I+abOS+M0AiK2O9R96AJ49Bc3kH696HtqnN+CL3YhpUnSzHNoUBQL03qDsN9Lr1XeKIxTqEH3BtiBgg==",
      "dev": true,
      "requires": {
        "he": "^1.1.1",
        "mime": "^1.2.11",
        "minimist": "^1.1.0",
        "url-join": "^2.0.2"
      },
      "dependencies": {
        "minimist": {
          "version": "1.2.5",
          "resolved": "https://registry.npmjs.org/minimist/-/minimist-1.2.5.tgz",
          "integrity": "sha512-FM9nNUYrRBAELZQT3xeZQ7fmMOBg6nWNmJKTcgsJeaLstP/UODVpGsr5OhXhhXg6f+qtJ8uiZ+PUxkDWcgIXLw==",
          "dev": true
        }
      }
    },
    "eventemitter3": {
      "version": "4.0.7",
      "resolved": "https://registry.npmjs.org/eventemitter3/-/eventemitter3-4.0.7.tgz",
      "integrity": "sha512-8guHBZCwKnFhYdHr2ysuRWErTwhoN2X8XELRlrRwpmfeY2jjuUN4taQMsULKUVo1K4DvZl+0pgfyoysHxvmvEw==",
      "dev": true
    },
    "follow-redirects": {
      "version": "1.13.0",
      "resolved": "https://registry.npmjs.org/follow-redirects/-/follow-redirects-1.13.0.tgz",
      "integrity": "sha512-aq6gF1BEKje4a9i9+5jimNFIpq4Q1WiwBToeRK5NvZBd/TRsmW8BsJfOEGkr76TbOyPVD3OVDN910EcUNtRYEA==",
      "dev": true
    },
    "he": {
      "version": "1.2.0",
      "resolved": "https://registry.npmjs.org/he/-/he-1.2.0.tgz",
      "integrity": "sha512-F/1DnUGPopORZi0ni+CvrCgHQ5FyEAHRLSApuYWMmrbSwoN2Mn/7k+Gl38gJnR7yyDZk6WLXwiGod1JOWNDKGw==",
      "dev": true
    },
    "http-proxy": {
      "version": "1.18.1",
      "resolved": "https://registry.npmjs.org/http-proxy/-/http-proxy-1.18.1.tgz",
      "integrity": "sha512-7mz/721AbnJwIVbnaSv1Cz3Am0ZLT/UBwkC92VlxhXv/k/BBQfM2fXElQNC27BVGr0uwUpplYPQM9LnaBMR5NQ==",
      "dev": true,
      "requires": {
        "eventemitter3": "^4.0.0",
        "follow-redirects": "^1.0.0",
        "requires-port": "^1.0.0"
      }
    },
    "http-server": {
      "version": "0.10.0",
      "resolved": "https://registry.npmjs.org/http-server/-/http-server-0.10.0.tgz",
      "integrity": "sha1-sqRGsWqduH7TxiK6m+sbCFsSNKc=",
      "dev": true,
      "requires": {
        "colors": "1.0.3",
        "corser": "~2.0.0",
        "ecstatic": "^2.0.0",
        "http-proxy": "^1.8.1",
        "opener": "~1.4.0",
        "optimist": "0.6.x",
        "portfinder": "^1.0.13",
        "union": "~0.4.3"
      }
    },
    "mime": {
      "version": "1.3.6",
      "resolved": "https://registry.npmjs.org/mime/-/mime-1.3.6.tgz",
      "integrity": "sha1-WR2E02U6awtKO5343lqoEI5y5eA=",
      "dev": true
    },
    "node-sass": {
      "version": "4.5.3",
      "resolved": "https://registry.npmjs.org/node-sass/-/node-sass-4.5.3.tgz",
      "integrity": "sha1-0JydEXlkEjnRuX/8YjH9zsU+FWg=",
      "dev": true,
      "dependencies": {
        "glob": {
          "version": "7.1.2",
          "resolved": "https://registry.npmjs.org/glob/-/glob-7.1.2.tgz",
          "integrity": "sha512-MJTUg1kjuLeQCJ+ccE4Vpa6kKVXkPYJ2mOCQyUuKLcLQsdrMCpBPUi8qVE6+YuaJkozeA9NusTAw3hLr8Xe5EQ=="
        }
      }
    },
    "npm-check-updates": {
      "version": "2.12.1",
      "resolved": "https://registry.npmjs.org/npm-check-updates/-/npm-check-updates-2.12.1.tgz",
      "integrity": "sha512-TJXyhfmeaKUpWvaBtNM+kdexR4bYx96DY8jy58lvsQGEUXnvrxTuuV6b1F1mbHCO7NZ73CVDH5h5uZI6TlZhrg==",
      "dev": true,
      "dependencies": {
        "get-stdin": {
          "version": "5.0.1",
          "resolved": "https://registry.npmjs.org/get-stdin/-/get-stdin-5.0.1.tgz",
          "integrity": "sha1-Ei4WFZHiH/TFJTAwVpPyDmOTo5g="
        },
        "lodash": {
          "version": "4.17.4",
          "resolved": "https://registry.npmjs.org/lodash/-/lodash-4.17.4.tgz",
          "integrity": "sha1-eCA6TRwyiuHYbcpkYONptX9AVa4="
        }
      }
    },
    "opener": {
      "version": "1.4.3",
      "resolved": "https://registry.npmjs.org/opener/-/opener-1.4.3.tgz",
      "integrity": "sha1-XG2ixdflgx6P+jlklQ+NZnSskLg=",
      "dev": true
    },
    "optimist": {
      "version": "0.6.1",
      "resolved": "https://registry.npmjs.org/optimist/-/optimist-0.6.1.tgz",
      "integrity": "sha1-2j6nRob6IaGaERwybpDrFaAZZoY=",
      "dev": true
    },
    "portfinder": {
      "version": "1.0.28",
      "resolved": "https://registry.npmjs.org/portfinder/-/portfinder-1.0.28.tgz",
      "integrity": "sha512-Se+2isanIcEqf2XMHjyUKskczxbPH7dQnlMjXX6+dybayyHvAf/TCgyMRlzf/B6QDhAEFOGes0pzRo3by4AbMA==",
      "dev": true,
      "requires": {
        "async": "^2.6.2",
        "debug": "^3.1.1",
        "mkdirp": "^0.5.5"
      },
      "dependencies": {
        "async": {
          "version": "2.6.3",
          "resolved": "https://registry.npmjs.org/async/-/async-2.6.3.tgz",
          "integrity": "sha512-zflvls11DCy+dQWzTW2dzuilv8Z5X/pjfmZOWba6TNIVDm+2UDaJmXSOXlasHKfNBs8oo3M0aT50fDEWfKZjXg==",
          "dev": true,
          "requires": {
            "lodash": "^4.17.14"
          }
        },
        "debug": {
          "version": "3.2.7",
          "resolved": "https://registry.npmjs.org/debug/-/debug-3.2.7.tgz",
          "integrity": "sha512-CFjzYYAi4ThfiQvizrFQevTTXHtnCqWfe7x1AhgEscTz6ZbLbfoLRLPugTQyBth6f8ZERVUSyWHFD/7Wu4t1XQ==",
          "dev": true,
          "requires": {
            "ms": "^2.1.1"
          }
        },
        "lodash": {
          "version": "4.17.20",
          "resolved": "https://registry.npmjs.org/lodash/-/lodash-4.17.20.tgz",
          "integrity": "sha512-PlhdFcillOINfeV7Ni6oF1TAEayyZBoZ8bcshTHqOYJYlrqzRK5hagpagky5o4HfCzzd1TRkXPMFq6cKk9rGmA==",
          "dev": true
        },
        "minimist": {
          "version": "1.2.5",
          "resolved": "https://registry.npmjs.org/minimist/-/minimist-1.2.5.tgz",
          "integrity": "sha512-FM9nNUYrRBAELZQT3xeZQ7fmMOBg6nWNmJKTcgsJeaLstP/UODVpGsr5OhXhhXg6f+qtJ8uiZ+PUxkDWcgIXLw==",
          "dev": true
        },
        "mkdirp": {
          "version": "0.5.5",
          "resolved": "https://registry.npmjs.org/mkdirp/-/mkdirp-0.5.5.tgz",
          "integrity": "sha512-NKmAlESf6jMGym1++R0Ra7wvhV+wFW63FaSOFPwRahvea0gMUcGUhVeAg/0BC0wiv9ih5NYPB1Wn1UEI1/L+xQ==",
          "dev": true,
          "requires": {
            "minimist": "^1.2.5"
          }
        },
        "ms": {
          "version": "2.1.3",
          "resolved": "https://registry.npmjs.org/ms/-/ms-2.1.3.tgz",
          "integrity": "sha512-6FlzubTLZG3J2a/NVCAleEhjzq5oxgHyaCU9yYXvcLsvoVaHJq/s5xXI6/XXP6tz7R9xAOtHnSO/tXtF3WRTlA==",
          "dev": true
        }
      }
    },
    "prettier": {
      "version": "1.5.3",
      "resolved": "https://registry.npmjs.org/prettier/-/prettier-1.5.3.tgz",
      "integrity": "sha1-WdrcaDNF7GuI+IuU7Urn4do5S/4="
    },
    "requires-port": {
      "version": "1.0.0",
      "resolved": "https://registry.npmjs.org/requires-port/-/requires-port-1.0.0.tgz",
      "integrity": "sha1-kl0mAdOaxIXgkc8NpcbmlNw9yv8=",
      "dev": true
    },
    "union": {
      "version": "0.4.6",
      "resolved": "https://registry.npmjs.org/union/-/union-0.4.6.tgz",
      "integrity": "sha1-GY+9rrolTniLDvy2MLwR8kopWeA=",
      "dev": true,
      "requires": {
        "qs": "~2.3.3"
      },
      "dependencies": {
        "qs": {
          "version": "2.3.3",
          "resolved": "https://registry.npmjs.org/qs/-/qs-2.3.3.tgz",
          "integrity": "sha1-6eha2+ddoLvkyOBHaghikPhjtAQ=",
          "dev": true
        }
      }
    },
    "url-join": {
      "version": "2.0.5",
      "resolved": "https://registry.npmjs.org/url-join/-/url-join-2.0.5.tgz",
      "integrity": "sha1-WvIvGMBSoACkjXuCxenC4v7tpyg=",
      "dev": true
    }
  }
}
